
Microsoft Visual Studio Solution File, Format Version 12.00
# Visual Studio Version 16
VisualStudioVersion = 25.0.1705.6
MinimumVisualStudioVersion = 10.0.40219.1
Project("{FAE04EC0-301F-11D3-BF4B-00C04F79EFBC}") = "NotesStore", "NotesStore.csproj", "{66FBEFBE-01A6-47B4-AD06-E14A241D4A3D}"
EndProject
Global
	GlobalSection(SolutionConfigurationPlatforms) = preSolution
		Debug|Any CPU = Debug|Any CPU
		Release|Any CPU = Release|Any CPU
	EndGlobalSection
	GlobalSection(ProjectConfigurationPlatforms) = postSolution
		{66FBEFBE-01A6-47B4-AD06-E14A241D4A3D}.Debug|Any CPU.ActiveCfg = Debug|Any CPU
		{66FBEFBE-01A6-47B4-AD06-E14A241D4A3D}.Debug|Any CPU.Build.0 = Debug|Any CPU
		{66FBEFBE-01A6-47B4-AD06-E14A241D4A3D}.Release|Any CPU.ActiveCfg = Release|Any CPU
		{66FBEFBE-01A6-47B4-AD06-E14A241D4A3D}.Release|Any CPU.Build.0 = Release|Any CPU
	EndGlobalSection
	GlobalSection(SolutionProperties) = preSolution
		HideSolutionNode = FALSE
	EndGlobalSection
	GlobalSection(ExtensibilityGlobals) = postSolution
		SolutionGuid = {2CF0F858-61F9-4C55-9767-53DE59CC83E5}
	EndGlobalSection
EndGlobal
